Microsoft Visual Studio Solution File, Format Version 12.00
# Visual Studio Version 16
VisualStudioVersion = 16.0.0.0
MinimumVisualStudioVersion = 16.0.0.0
Project("{FAE04EC0-301F-11D3-BF4B-00C04F79EFBC}") = "Salr.UI", "Salr.UI\Salr.UI.csproj", "{AA178187-751C-4D38-B6BA-6312EEEF7DD3}"
EndProject
Project("{FAE04EC0-301F-11D3-BF4B-00C04F79EFBC}") = "Salr.Abstractions", "Salr.Abstractions\Salr.Abstractions.csproj", "{54720011-3BF0-4EEA-9B66-F5FEEBA46D49}"
EndProject
Project("{FAE04EC0-301F-11D3-BF4B-00C04F79EFBC}") = "Salr.WASM", "Salr.WASM\Salr.WASM.csproj", "{FB874D48-F7D9-483A-8422-AE77CD763AF7}"
EndProject
Project("{FAE04EC0-301F-11D3-BF4B-00C04F79EFBC}") = "Salr.Server", "Salr.Server\Salr.Server.csproj", "{D1420C5C-17A3-4FB7-8E54-84D5A1D81F8D}"
EndProject
Project("{FAE04EC0-301F-11D3-BF4B-00C04F79EFBC}") = "Salr.WebCommon", "Salr.WebCommon\Salr.WebCommon.csproj", "{97A6DE65-79B7-453A-97CD-C3662BCE9AE0}"
EndProject
Global
	GlobalSection(SolutionConfigurationPlatforms) = preSolution
		Debug|Any CPU = Debug|Any CPU
		Debug|iPhone = Debug|iPhone
		Debug|iPhoneSimulator = Debug|iPhoneSimulator
		Debug|x64 = Debug|x64
		Debug|x86 = Debug|x86
		Release|Any CPU = Release|Any CPU
		Release|iPhone = Release|iPhone
		Release|iPhoneSimulator = Release|iPhoneSimulator
		Release|x64 = Release|x64
		Release|x86 = Release|x86
	EndGlobalSection
	GlobalSection(ProjectConfigurationPlatforms) = postSolution
		{AA178187-751C-4D38-B6BA-6312EEEF7DD3}.Debug|Any CPU.ActiveCfg = Debug|Any CPU
		{AA178187-751C-4D38-B6BA-6312EEEF7DD3}.Debug|Any CPU.Build.0 = Debug|Any CPU
		{AA178187-751C-4D38-B6BA-6312EEEF7DD3}.Debug|iPhone.ActiveCfg = Debug|Any CPU
		{AA178187-751C-4D38-B6BA-6312EEEF7DD3}.Debug|iPhone.Build.0 = Debug|Any CPU
		{AA178187-751C-4D38-B6BA-6312EEEF7DD3}.Debug|iPhoneSimulator.ActiveCfg = Debug|Any CPU
		{AA178187-751C-4D38-B6BA-6312EEEF7DD3}.Debug|iPhoneSimulator.Build.0 = Debug|Any CPU
		{AA178187-751C-4D38-B6BA-6312EEEF7DD3}.Debug|x64.ActiveCfg = Debug|Any CPU
		{AA178187-751C-4D38-B6BA-6312EEEF7DD3}.Debug|x64.Build.0 = Debug|Any CPU
		{AA178187-751C-4D38-B6BA-6312EEEF7DD3}.Debug|x86.ActiveCfg = Debug|Any CPU
		{AA178187-751C-4D38-B6BA-6312EEEF7DD3}.Debug|x86.Build.0 = Debug|Any CPU
		{AA178187-751C-4D38-B6BA-6312EEEF7DD3}.Release|Any CPU.ActiveCfg = Release|Any CPU
		{AA178187-751C-4D38-B6BA-6312EEEF7DD3}.Release|Any CPU.Build.0 = Release|Any CPU
		{AA178187-751C-4D38-B6BA-6312EEEF7DD3}.Release|iPhone.ActiveCfg = Release|Any CPU
		{AA178187-751C-4D38-B6BA-6312EEEF7DD3}.Release|iPhone.Build.0 = Release|Any CPU
		{AA178187-751C-4D38-B6BA-6312EEEF7DD3}.Release|iPhoneSimulator.ActiveCfg = Release|Any CPU
		{AA178187-751C-4D38-B6BA-6312EEEF7DD3}.Release|iPhoneSimulator.Build.0 = Release|Any CPU
		{AA178187-751C-4D38-B6BA-6312EEEF7DD3}.Release|x64.ActiveCfg = Release|Any CPU
		{AA178187-751C-4D38-B6BA-6312EEEF7DD3}.Release|x64.Build.0 = Release|Any CPU
		{AA178187-751C-4D38-B6BA-6312EEEF7DD3}.Release|x86.ActiveCfg = Release|Any CPU
		{AA178187-751C-4D38-B6BA-6312EEEF7DD3}.Release|x86.Build.0 = Release|Any CPU
		{54720011-3BF0-4EEA-9B66-F5FEEBA46D49}.Debug|Any CPU.ActiveCfg = Debug|Any CPU
		{54720011-3BF0-4EEA-9B66-F5FEEBA46D49}.Debug|Any CPU.Build.0 = Debug|Any CPU
		{54720011-3BF0-4EEA-9B66-F5FEEBA46D49}.Debug|iPhone.ActiveCfg = Debug|Any CPU
		{54720011-3BF0-4EEA-9B66-F5FEEBA46D49}.Debug|iPhone.Build.0 = Debug|Any CPU
		{54720011-3BF0-4EEA-9B66-F5FEEBA46D49}.Debug|iPhoneSimulator.ActiveCfg = Debug|Any CPU
		{54720011-3BF0-4EEA-9B66-F5FEEBA46D49}.Debug|iPhoneSimulator.Build.0 = Debug|Any CPU
		{54720011-3BF0-4EEA-9B66-F5FEEBA46D49}.Debug|x64.ActiveCfg = Debug|Any CPU
		{54720011-3BF0-4EEA-9B66-F5FEEBA46D49}.Debug|x64.Build.0 = Debug|Any CPU
		{54720011-3BF0-4EEA-9B66-F5FEEBA46D49}.Debug|x86.ActiveCfg = Debug|Any CPU
		{54720011-3BF0-4EEA-9B66-F5FEEBA46D49}.Debug|x86.Build.0 = Debug|Any CPU
		{54720011-3BF0-4EEA-9B66-F5FEEBA46D49}.Release|Any CPU.ActiveCfg = Release|Any CPU
		{54720011-3BF0-4EEA-9B66-F5FEEBA46D49}.Release|Any CPU.Build.0 = Release|Any CPU
		{54720011-3BF0-4EEA-9B66-F5FEEBA46D49}.Release|iPhone.ActiveCfg = Release|Any CPU
		{54720011-3BF0-4EEA-9B66-F5FEEBA46D49}.Release|iPhone.Build.0 = Release|Any CPU
		{54720011-3BF0-4EEA-9B66-F5FEEBA46D49}.Release|iPhoneSimulator.ActiveCfg = Release|Any CPU
		{54720011-3BF0-4EEA-9B66-F5FEEBA46D49}.Release|iPhoneSimulator.Build.0 = Release|Any CPU
		{54720011-3BF0-4EEA-9B66-F5FEEBA46D49}.Release|x64.ActiveCfg = Release|Any CPU
		{54720011-3BF0-4EEA-9B66-F5FEEBA46D49}.Release|x64.Build.0 = Release|Any CPU
		{54720011-3BF0-4EEA-9B66-F5FEEBA46D49}.Release|x86.ActiveCfg = Release|Any CPU
		{54720011-3BF0-4EEA-9B66-F5FEEBA46D49}.Release|x86.Build.0 = Release|Any CPU
		{FB874D48-F7D9-483A-8422-AE77CD763AF7}.Debug|Any CPU.ActiveCfg = Debug|Any CPU
		{FB874D48-F7D9-483A-8422-AE77CD763AF7}.Debug|Any CPU.Build.0 = Debug|Any CPU
		{FB874D48-F7D9-483A-8422-AE77CD763AF7}.Debug|iPhone.ActiveCfg = Debug|Any CPU
		{FB874D48-F7D9-483A-8422-AE77CD763AF7}.Debug|iPhone.Build.0 = Debug|Any CPU
		{FB874D48-F7D9-483A-8422-AE77CD763AF7}.Debug|iPhoneSimulator.ActiveCfg = Debug|Any CPU
		{FB874D48-F7D9-483A-8422-AE77CD763AF7}.Debug|iPhoneSimulator.Build.0 = Debug|Any CPU
		{FB874D48-F7D9-483A-8422-AE77CD763AF7}.Debug|x64.ActiveCfg = Debug|Any CPU
		{FB874D48-F7D9-483A-8422-AE77CD763AF7}.Debug|x64.Build.0 = Debug|Any CPU
		{FB874D48-F7D9-483A-8422-AE77CD763AF7}.Debug|x86.ActiveCfg = Debug|Any CPU
		{FB874D48-F7D9-483A-8422-AE77CD763AF7}.Debug|x86.Build.0 = Debug|Any CPU
		{FB874D48-F7D9-483A-8422-AE77CD763AF7}.Release|Any CPU.ActiveCfg = Release|Any CPU
		{FB874D48-F7D9-483A-8422-AE77CD763AF7}.Release|Any CPU.Build.0 = Release|Any CPU
		{FB874D48-F7D9-483A-8422-AE77CD763AF7}.Release|iPhone.ActiveCfg = Release|Any CPU
		{FB874D48-F7D9-483A-8422-AE77CD763AF7}.Release|iPhone.Build.0 = Release|Any CPU
		{FB874D48-F7D9-483A-8422-AE77CD763AF7}.Release|iPhoneSimulator.ActiveCfg = Release|Any CPU
		{FB874D48-F7D9-483A-8422-AE77CD763AF7}.Release|iPhoneSimulator.Build.0 = Release|Any CPU
		{FB874D48-F7D9-483A-8422-AE77CD763AF7}.Release|x64.ActiveCfg = Release|Any CPU
		{FB874D48-F7D9-483A-8422-AE77CD763AF7}.Release|x64.Build.0 = Release|Any CPU
		{FB874D48-F7D9-483A-8422-AE77CD763AF7}.Release|x86.ActiveCfg = Release|Any CPU
		{FB874D48-F7D9-483A-8422-AE77CD763AF7}.Release|x86.Build.0 = Release|Any CPU
		{D1420C5C-17A3-4FB7-8E54-84D5A1D81F8D}.Debug|Any CPU.ActiveCfg = Debug|Any CPU
		{D1420C5C-17A3-4FB7-8E54-84D5A1D81F8D}.Debug|Any CPU.Build.0 = Debug|Any CPU
		{D1420C5C-17A3-4FB7-8E54-84D5A1D81F8D}.Debug|iPhone.ActiveCfg = Debug|Any CPU
		{D1420C5C-17A3-4FB7-8E54-84D5A1D81F8D}.Debug|iPhone.Build.0 = Debug|Any CPU
		{D1420C5C-17A3-4FB7-8E54-84D5A1D81F8D}.Debug|iPhoneSimulator.ActiveCfg = Debug|Any CPU
		{D1420C5C-17A3-4FB7-8E54-84D5A1D81F8D}.Debug|iPhoneSimulator.Build.0 = Debug|Any CPU
		{D1420C5C-17A3-4FB7-8E54-84D5A1D81F8D}.Debug|x64.ActiveCfg = Debug|Any CPU
		{D1420C5C-17A3-4FB7-8E54-84D5A1D81F8D}.Debug|x64.Build.0 = Debug|Any CPU
		{D1420C5C-17A3-4FB7-8E54-84D5A1D81F8D}.Debug|x86.ActiveCfg = Debug|Any CPU
		{D1420C5C-17A3-4FB7-8E54-84D5A1D81F8D}.Debug|x86.Build.0 = Debug|Any CPU
		{D1420C5C-17A3-4FB7-8E54-84D5A1D81F8D}.Release|Any CPU.ActiveCfg = Release|Any CPU
		{D1420C5C-17A3-4FB7-8E54-84D5A1D81F8D}.Release|Any CPU.Build.0 = Release|Any CPU
		{D1420C5C-17A3-4FB7-8E54-84D5A1D81F8D}.Release|iPhone.ActiveCfg = Release|Any CPU
		{D1420C5C-17A3-4FB7-8E54-84D5A1D81F8D}.Release|iPhone.Build.0 = Release|Any CPU
		{D1420C5C-17A3-4FB7-8E54-84D5A1D81F8D}.Release|iPhoneSimulator.ActiveCfg = Release|Any CPU
		{D1420C5C-17A3-4FB7-8E54-84D5A1D81F8D}.Release|iPhoneSimulator.Build.0 = Release|Any CPU
		{D1420C5C-17A3-4FB7-8E54-84D5A1D81F8D}.Release|x64.ActiveCfg = Release|Any CPU
		{D1420C5C-17A3-4FB7-8E54-84D5A1D81F8D}.Release|x64.Build.0 = Release|Any CPU
		{D1420C5C-17A3-4FB7-8E54-84D5A1D81F8D}.Release|x86.ActiveCfg = Release|Any CPU
		{D1420C5C-17A3-4FB7-8E54-84D5A1D81F8D}.Release|x86.Build.0 = Release|Any CPU
		{97A6DE65-79B7-453A-97CD-C3662BCE9AE0}.Debug|Any CPU.ActiveCfg = Debug|Any CPU
		{97A6DE65-79B7-453A-97CD-C3662BCE9AE0}.Debug|Any CPU.Build.0 = Debug|Any CPU
		{97A6DE65-79B7-453A-97CD-C3662BCE9AE0}.Debug|iPhone.ActiveCfg = Debug|Any CPU
		{97A6DE65-79B7-453A-97CD-C3662BCE9AE0}.Debug|iPhone.Build.0 = Debug|Any CPU
		{97A6DE65-79B7-453A-97CD-C3662BCE9AE0}.Debug|iPhoneSimulator.ActiveCfg = Debug|Any CPU
		{97A6DE65-79B7-453A-97CD-C3662BCE9AE0}.Debug|iPhoneSimulator.Build.0 = Debug|Any CPU
		{97A6DE65-79B7-453A-97CD-C3662BCE9AE0}.Debug|x64.ActiveCfg = Debug|Any CPU
		{97A6DE65-79B7-453A-97CD-C3662BCE9AE0}.Debug|x64.Build.0 = Debug|Any CPU
		{97A6DE65-79B7-453A-97CD-C3662BCE9AE0}.Debug|x86.ActiveCfg = Debug|Any CPU
		{97A6DE65-79B7-453A-97CD-C3662BCE9AE0}.Debug|x86.Build.0 = Debug|Any CPU
		{97A6DE65-79B7-453A-97CD-C3662BCE9AE0}.Release|Any CPU.ActiveCfg = Release|Any CPU
		{97A6DE65-79B7-453A-97CD-C3662BCE9AE0}.Release|Any CPU.Build.0 = Release|Any CPU
		{97A6DE65-79B7-453A-97CD-C3662BCE9AE0}.Release|iPhone.ActiveCfg = Release|Any CPU
		{97A6DE65-79B7-453A-97CD-C3662BCE9AE0}.Release|iPhone.Build.0 = Release|Any CPU
		{97A6DE65-79B7-453A-97CD-C3662BCE9AE0}.Release|iPhoneSimulator.ActiveCfg = Release|Any CPU
		{97A6DE65-79B7-453A-97CD-C3662BCE9AE0}.Release|iPhoneSimulator.Build.0 = Release|Any CPU
		{97A6DE65-79B7-453A-97CD-C3662BCE9AE0}.Release|x64.ActiveCfg = Release|Any CPU
		{97A6DE65-79B7-453A-97CD-C3662BCE9AE0}.Release|x64.Build.0 = Release|Any CPU
		{97A6DE65-79B7-453A-97CD-C3662BCE9AE0}.Release|x86.ActiveCfg = Release|Any CPU
		{97A6DE65-79B7-453A-97CD-C3662BCE9AE0}.Release|x86.Build.0 = Release|Any CPU
	EndGlobalSection
	GlobalSection(SolutionProperties) = preSolution
		HideSolutionNode = FALSE
	EndGlobalSection
	GlobalSection(ExtensibilityGlobals) = postSolution
		SolutionGuid = {26AC9147-2342-4715-816E-C985D96FC133}
	EndGlobalSection
EndGlobal
